
Microsoft Visual Studio Solution File, Format Version 12.00
# Visual Studio Version 17
VisualStudioVersion = 17.3.32825.248
MinimumVisualStudioVersion = 10.0.40219.1
Project("{FAE04EC0-301F-11D3-BF4B-00C04F79EFBC}") = "Exec_DeclareClass", "Exec_DeclareClass\Exec_DeclareClass.csproj", "{8DC7779A-FEAE-4C7B-942F-F7956ECF61A4}"
EndProject
Global
	GlobalSection(SolutionConfigurationPlatforms) = preSolution
		Debug|Any CPU = Debug|Any CPU
		Release|Any CPU = Release|Any CPU
	EndGlobalSection
	GlobalSection(ProjectConfigurationPlatforms) = postSolution
		{8DC7779A-FEAE-4C7B-942F-F7956ECF61A4}.Debug|Any CPU.ActiveCfg = Debug|Any CPU
		{8DC7779A-FEAE-4C7B-942F-F7956ECF61A4}.Debug|Any CPU.Build.0 = Debug|Any CPU
		{8DC7779A-FEAE-4C7B-942F-F7956ECF61A4}.Release|Any CPU.ActiveCfg = Release|Any CPU
		{8DC7779A-FEAE-4C7B-942F-F7956ECF61A4}.Release|Any CPU.Build.0 = Release|Any CPU
	EndGlobalSection
	GlobalSection(SolutionProperties) = preSolution
		HideSolutionNode = FALSE
	EndGlobalSection
	GlobalSection(ExtensibilityGlobals) = postSolution
		SolutionGuid = {2E119A91-2021-4EEB-8A43-104DCCAAA29A}
	EndGlobalSection
EndGlobal
